
Microsoft Visual Studio Solution File, Format Version 12.00
# Visual Studio 15
VisualStudioVersion = 15.0.26730.12
MinimumVisualStudioVersion = 10.0.40219.1
Project("{9A19103F-16F7-4668-BE54-9A1E7A4F7556}") = "Kwalifikacyjna", "Rozmowa Kwalifikacyjna\Kwalifikacyjna.csproj", "{45E35A47-877D-4A53-AA1F-C8A90B04877B}"
EndProject
Project("{9A19103F-16F7-4668-BE54-9A1E7A4F7556}") = "TEST", "TEST\TEST.csproj", "{B326A402-2E73-4B92-9D96-CF8B4AE94AAA}"
EndProject
Project("{FAE04EC0-301F-11D3-BF4B-00C04F79EFBC}") = "ConsoleApp1", "ConsoleApp1\ConsoleApp1.csproj", "{DD9FA326-207D-4FBB-8D88-B54C2C533FD5}"
EndProject
Global
	GlobalSection(SolutionConfigurationPlatforms) = preSolution
		Debug|Any CPU = Debug|Any CPU
		Release|Any CPU = Release|Any CPU
	EndGlobalSection
	GlobalSection(ProjectConfigurationPlatforms) = postSolution
		{45E35A47-877D-4A53-AA1F-C8A90B04877B}.Debug|Any CPU.ActiveCfg = Debug|Any CPU
		{45E35A47-877D-4A53-AA1F-C8A90B04877B}.Debug|Any CPU.Build.0 = Debug|Any CPU
		{45E35A47-877D-4A53-AA1F-C8A90B04877B}.Release|Any CPU.ActiveCfg = Release|Any CPU
		{45E35A47-877D-4A53-AA1F-C8A90B04877B}.Release|Any CPU.Build.0 = Release|Any CPU
		{B326A402-2E73-4B92-9D96-CF8B4AE94AAA}.Debug|Any CPU.ActiveCfg = Debug|Any CPU
		{B326A402-2E73-4B92-9D96-CF8B4AE94AAA}.Debug|Any CPU.Build.0 = Debug|Any CPU
		{B326A402-2E73-4B92-9D96-CF8B4AE94AAA}.Release|Any CPU.ActiveCfg = Release|Any CPU
		{B326A402-2E73-4B92-9D96-CF8B4AE94AAA}.Release|Any CPU.Build.0 = Release|Any CPU
		{DD9FA326-207D-4FBB-8D88-B54C2C533FD5}.Debug|Any CPU.ActiveCfg = Debug|Any CPU
		{DD9FA326-207D-4FBB-8D88-B54C2C533FD5}.Debug|Any CPU.Build.0 = Debug|Any CPU
		{DD9FA326-207D-4FBB-8D88-B54C2C533FD5}.Release|Any CPU.ActiveCfg = Release|Any CPU
		{DD9FA326-207D-4FBB-8D88-B54C2C533FD5}.Release|Any CPU.Build.0 = Release|Any CPU
	EndGlobalSection
	GlobalSection(SolutionProperties) = preSolution
		HideSolutionNode = FALSE
	EndGlobalSection
	GlobalSection(ExtensibilityGlobals) = postSolution
		SolutionGuid = {35307046-F3CD-4D9D-B6BE-B224024283A4}
	EndGlobalSection
EndGlobal
