
Microsoft Visual Studio Solution File, Format Version 12.00
# Visual Studio 15
VisualStudioVersion = 15.0.26430.14
MinimumVisualStudioVersion = 10.0.40219.1
Project("{FAE04EC0-301F-11D3-BF4B-00C04F79EFBC}") = "LigaFutbolu", "LigaFutbolu\LigaFutbolu.csproj", "{BDA7BDBF-4D9C-49D6-B678-7EC1C15CE4E5}"
EndProject
Project("{FAE04EC0-301F-11D3-BF4B-00C04F79EFBC}") = "LigaData", "LigaData\LigaData.csproj", "{F101B127-CC76-4D17-8D05-FCDB6D247DAD}"
EndProject
Project("{FAE04EC0-301F-11D3-BF4B-00C04F79EFBC}") = "FutbolAmerykanski", "FutbolAmerykanski\FutbolAmerykanski.csproj", "{5F688788-F85A-4D53-9660-5C1D19DFDC9A}"
EndProject
Global
	GlobalSection(SolutionConfigurationPlatforms) = preSolution
		Debug|Any CPU = Debug|Any CPU
		Release|Any CPU = Release|Any CPU
	EndGlobalSection
	GlobalSection(ProjectConfigurationPlatforms) = postSolution
		{BDA7BDBF-4D9C-49D6-B678-7EC1C15CE4E5}.Debug|Any CPU.ActiveCfg = Debug|Any CPU
		{BDA7BDBF-4D9C-49D6-B678-7EC1C15CE4E5}.Debug|Any CPU.Build.0 = Debug|Any CPU
		{BDA7BDBF-4D9C-49D6-B678-7EC1C15CE4E5}.Release|Any CPU.ActiveCfg = Release|Any CPU
		{BDA7BDBF-4D9C-49D6-B678-7EC1C15CE4E5}.Release|Any CPU.Build.0 = Release|Any CPU
		{F101B127-CC76-4D17-8D05-FCDB6D247DAD}.Debug|Any CPU.ActiveCfg = Debug|Any CPU
		{F101B127-CC76-4D17-8D05-FCDB6D247DAD}.Debug|Any CPU.Build.0 = Debug|Any CPU
		{F101B127-CC76-4D17-8D05-FCDB6D247DAD}.Release|Any CPU.ActiveCfg = Release|Any CPU
		{F101B127-CC76-4D17-8D05-FCDB6D247DAD}.Release|Any CPU.Build.0 = Release|Any CPU
		{5F688788-F85A-4D53-9660-5C1D19DFDC9A}.Debug|Any CPU.ActiveCfg = Debug|Any CPU
		{5F688788-F85A-4D53-9660-5C1D19DFDC9A}.Debug|Any CPU.Build.0 = Debug|Any CPU
		{5F688788-F85A-4D53-9660-5C1D19DFDC9A}.Release|Any CPU.ActiveCfg = Release|Any CPU
		{5F688788-F85A-4D53-9660-5C1D19DFDC9A}.Release|Any CPU.Build.0 = Release|Any CPU
	EndGlobalSection
	GlobalSection(SolutionProperties) = preSolution
		HideSolutionNode = FALSE
	EndGlobalSection
EndGlobal
