
Microsoft Visual Studio Solution File, Format Version 12.00
# Visual Studio 15
VisualStudioVersion = 15.0.26730.12
MinimumVisualStudioVersion = 10.0.40219.1
Project("{9A19103F-16F7-4668-BE54-9A1E7A4F7556}") = "VideoStore", "VideoStore\VideoStore.csproj", "{52D377DC-21E3-42BA-A8A8-63EE6F372A12}"
EndProject
Project("{9A19103F-16F7-4668-BE54-9A1E7A4F7556}") = "WithInterfaces", "WithInterfaces\WithInterfaces.csproj", "{C6B4253D-1B2A-40F0-86CD-B96D7080DBF4}"
EndProject
Project("{FAE04EC0-301F-11D3-BF4B-00C04F79EFBC}") = "Test", "Test\Test.csproj", "{8E908905-8D82-4E25-8A83-1C3EA0458061}"
EndProject
Global
	GlobalSection(SolutionConfigurationPlatforms) = preSolution
		Debug|Any CPU = Debug|Any CPU
		Release|Any CPU = Release|Any CPU
	EndGlobalSection
	GlobalSection(ProjectConfigurationPlatforms) = postSolution
		{52D377DC-21E3-42BA-A8A8-63EE6F372A12}.Debug|Any CPU.ActiveCfg = Debug|Any CPU
		{52D377DC-21E3-42BA-A8A8-63EE6F372A12}.Debug|Any CPU.Build.0 = Debug|Any CPU
		{52D377DC-21E3-42BA-A8A8-63EE6F372A12}.Release|Any CPU.ActiveCfg = Release|Any CPU
		{52D377DC-21E3-42BA-A8A8-63EE6F372A12}.Release|Any CPU.Build.0 = Release|Any CPU
		{C6B4253D-1B2A-40F0-86CD-B96D7080DBF4}.Debug|Any CPU.ActiveCfg = Debug|Any CPU
		{C6B4253D-1B2A-40F0-86CD-B96D7080DBF4}.Debug|Any CPU.Build.0 = Debug|Any CPU
		{C6B4253D-1B2A-40F0-86CD-B96D7080DBF4}.Release|Any CPU.ActiveCfg = Release|Any CPU
		{C6B4253D-1B2A-40F0-86CD-B96D7080DBF4}.Release|Any CPU.Build.0 = Release|Any CPU
		{8E908905-8D82-4E25-8A83-1C3EA0458061}.Debug|Any CPU.ActiveCfg = Debug|Any CPU
		{8E908905-8D82-4E25-8A83-1C3EA0458061}.Debug|Any CPU.Build.0 = Debug|Any CPU
		{8E908905-8D82-4E25-8A83-1C3EA0458061}.Release|Any CPU.ActiveCfg = Release|Any CPU
		{8E908905-8D82-4E25-8A83-1C3EA0458061}.Release|Any CPU.Build.0 = Release|Any CPU
	EndGlobalSection
	GlobalSection(SolutionProperties) = preSolution
		HideSolutionNode = FALSE
	EndGlobalSection
	GlobalSection(ExtensibilityGlobals) = postSolution
		SolutionGuid = {1B68C18A-FF82-4D1D-9CF7-9A18C0899BC6}
	EndGlobalSection
EndGlobal
